
Microsoft Visual Studio Solution File, Format Version 12.00
# Visual Studio Version 16
VisualStudioVersion = 16.0.31229.75
MinimumVisualStudioVersion = 10.0.40219.1
Project("{FAE04EC0-301F-11D3-BF4B-00C04F79EFBC}") = "BlazorVotingApp", "BlazorVotingApp\BlazorVotingApp.csproj", "{FB9B7875-710F-4F74-801A-6F3474EE2356}"
EndProject
Global
	GlobalSection(SolutionConfigurationPlatforms) = preSolution
		Debug|Any CPU = Debug|Any CPU
		Release|Any CPU = Release|Any CPU
	EndGlobalSection
	GlobalSection(ProjectConfigurationPlatforms) = postSolution
		{FB9B7875-710F-4F74-801A-6F3474EE2356}.Debug|Any CPU.ActiveCfg = Debug|Any CPU
		{FB9B7875-710F-4F74-801A-6F3474EE2356}.Debug|Any CPU.Build.0 = Debug|Any CPU
		{FB9B7875-710F-4F74-801A-6F3474EE2356}.Release|Any CPU.ActiveCfg = Release|Any CPU
		{FB9B7875-710F-4F74-801A-6F3474EE2356}.Release|Any CPU.Build.0 = Release|Any CPU
	EndGlobalSection
	GlobalSection(SolutionProperties) = preSolution
		HideSolutionNode = FALSE
	EndGlobalSection
	GlobalSection(ExtensibilityGlobals) = postSolution
		SolutionGuid = {FFFDA233-DE27-4037-A3EA-EB11DA453540}
	EndGlobalSection
EndGlobal
